// !$*UTF8*$!
{
	archiveVersion = 1;
	classes = {
	};
	objectVersion = 48;
	objects = {

/* Begin PBXBuildFile section */
		DE0EF39E1E1A49560024ECE9 /* libstdc++.6.tbd in Frameworks */ = {isa = PBXBuildFile; fileRef = DE0EF39D1E1A49560024ECE9 /* libstdc++.6.tbd */; };
		DE0EF3A01E1A49AA0024ECE9 /* libiconv.tbd in Frameworks */ = {isa = PBXBuildFile; fileRef = DE0EF39F1E1A49AA0024ECE9 /* libiconv.tbd */; };
		DE0EF3A81E1A50400024ECE9 /* PieceTableViewCell.swift in Sources */ = {isa = PBXBuildFile; fileRef = DE0EF3A71E1A50400024ECE9 /* PieceTableViewCell.swift */; };
		DE0EF3AB1E1A50A90024ECE9 /* Piece.swift in Sources */ = {isa = PBXBuildFile; fileRef = DE0EF3AA1E1A50A90024ECE9 /* Piece.swift */; };
		DE0EF3B01E1A532C0024ECE9 /* DaumSpeech.framework in Frameworks */ = {isa = PBXBuildFile; fileRef = DE0EF3AF1E1A532C0024ECE9 /* DaumSpeech.framework */; };
		DEBF0EB71DF6D79800E0984C /* AppDelegate.swift in Sources */ = {isa = PBXBuildFile; fileRef = DEBF0EB61DF6D79800E0984C /* AppDelegate.swift */; };
		DEBF0EB91DF6D79800E0984C /* ViewController.swift in Sources */ = {isa = PBXBuildFile; fileRef = DEBF0EB81DF6D79800E0984C /* ViewController.swift */; };
		DEBF0EBC1DF6D79800E0984C /* Main.storyboard in Resources */ = {isa = PBXBuildFile; fileRef = DEBF0EBA1DF6D79800E0984C /* Main.storyboard */; };
		DEBF0EBE1DF6D79800E0984C /* Assets.xcassets in Resources */ = {isa = PBXBuildFile; fileRef = DEBF0EBD1DF6D79800E0984C /* Assets.xcassets */; };
		DEBF0EC11DF6D79800E0984C /* LaunchScreen.storyboard in Resources */ = {isa = PBXBuildFile; fileRef = DEBF0EBF1DF6D79800E0984C /* LaunchScreen.storyboard */; };
		DEDBCE421DF6E10600799524 /* SearchViewController.swift in Sources */ = {isa = PBXBuildFile; fileRef = DEDBCE411DF6E10600799524 /* SearchViewController.swift */; };
		DEDBCE491DF6F7C000799524 /* PieceDetailViewController.swift in Sources */ = {isa = PBXBuildFile; fileRef = DEDBCE481DF6F7C000799524 /* PieceDetailViewController.swift */; };
		DEE7851A1E01726000B9AC2B /* MediaPlayer.framework in Frameworks */ = {isa = PBXBuildFile; fileRef = DEF9F3B51E0164E4006E5C1C /* MediaPlayer.framework */; };
		DEE7851B1E01726200B9AC2B /* AVFoundation.framework in Frameworks */ = {isa = PBXBuildFile; fileRef = DEF9F3B31E0164DE006E5C1C /* AVFoundation.framework */; };
		DEE7851C1E01726300B9AC2B /* SystemConfiguration.framework in Frameworks */ = {isa = PBXBuildFile; fileRef = DEF9F3B11E0164D7006E5C1C /* SystemConfiguration.framework */; };
		DEE7851D1E01726500B9AC2B /* AudioToolbox.framework in Frameworks */ = {isa = PBXBuildFile; fileRef = DEF9F3AF1E0164D1006E5C1C /* AudioToolbox.framework */; };
		DEF54DB41E076D7500AACC78 /* Foundation.framework in Frameworks */ = {isa = PBXBuildFile; fileRef = DEF54DB31E076D7500AACC78 /* Foundation.framework */; };
		DEF54DB61E076D7D00AACC78 /* UIKit.framework in Frameworks */ = {isa = PBXBuildFile; fileRef = DEF54DB51E076D7D00AACC78 /* UIKit.framework */; };
/* End PBXBuildFile section */

/* Begin PBXCopyFilesBuildPhase section */
		DE295BEF1E0291C800DB0E48 /* Embed Frameworks */ = {
			isa = PBXCopyFilesBuildPhase;
			buildActionMask = 2147483647;
			dstPath = "";
			dstSubfolderSpec = 10;
			files = (
			);
			name = "Embed Frameworks";
			runOnlyForDeploymentPostprocessing = 0;
		};
/* End PBXCopyFilesBuildPhase section */

/* Begin PBXFileReference section */
		DE0EF39D1E1A49560024ECE9 /* libstdc++.6.tbd */ = {isa = PBXFileReference; lastKnownFileType = "sourcecode.text-based-dylib-definition"; name = "libstdc++.6.tbd"; path = "usr/lib/libstdc++.6.tbd"; sourceTree = SDKROOT; };
		DE0EF39F1E1A49AA0024ECE9 /* libiconv.tbd */ = {isa = PBXFileReference; lastKnownFileType = "sourcecode.text-based-dylib-definition"; name = libiconv.tbd; path = usr/lib/libiconv.tbd; sourceTree = SDKROOT; };
		DE0EF3A71E1A50400024ECE9 /* PieceTableViewCell.swift */ = {isa = PBXFileReference; fileEncoding = 4; lastKnownFileType = sourcecode.swift; path = PieceTableViewCell.swift; sourceTree = "<group>"; };
		DE0EF3AA1E1A50A90024ECE9 /* Piece.swift */ = {isa = PBXFileReference; fileEncoding = 4; lastKnownFileType = sourcecode.swift; path = Piece.swift; sourceTree = "<group>"; };
		DE0EF3AF1E1A532C0024ECE9 /* DaumSpeech.framework */ = {isa = PBXFileReference; lastKnownFileType = wrapper.framework; path = DaumSpeech.framework; sourceTree = "<group>"; };
		DEAE621C1E1A215C002AF296 /* Docent-Bridging-Header.h */ = {isa = PBXFileReference; lastKnownFileType = sourcecode.c.h; path = "Docent-Bridging-Header.h"; sourceTree = "<group>"; };
		DEBF0EB31DF6D79800E0984C /* Docent.app */ = {isa = PBXFileReference; explicitFileType = wrapper.application; includeInIndex = 0; path = Docent.app; sourceTree = BUILT_PRODUCTS_DIR; };
		DEBF0EB61DF6D79800E0984C /* AppDelegate.swift */ = {isa = PBXFileReference; lastKnownFileType = sourcecode.swift; path = AppDelegate.swift; sourceTree = "<group>"; };
		DEBF0EB81DF6D79800E0984C /* ViewController.swift */ = {isa = PBXFileReference; lastKnownFileType = sourcecode.swift; path = ViewController.swift; sourceTree = "<group>"; };
		DEBF0EBB1DF6D79800E0984C /* Base */ = {isa = PBXFileReference; lastKnownFileType = file.storyboard; name = Base; path = Base.lproj/Main.storyboard; sourceTree = "<group>"; };
		DEBF0EBD1DF6D79800E0984C /* Assets.xcassets */ = {isa = PBXFileReference; lastKnownFileType = folder.assetcatalog; path = Assets.xcassets; sourceTree = "<group>"; };
		DEBF0EC01DF6D79800E0984C /* Base */ = {isa = PBXFileReference; lastKnownFileType = file.storyboard; name = Base; path = Base.lproj/LaunchScreen.storyboard; sourceTree = "<group>"; };
		DEBF0EC21DF6D79800E0984C /* Info.plist */ = {isa = PBXFileReference; lastKnownFileType = text.plist.xml; path = Info.plist; sourceTree = "<group>"; };
		DEDBCE411DF6E10600799524 /* SearchViewController.swift */ = {isa = PBXFileReference; fileEncoding = 4; lastKnownFileType = sourcecode.swift; path = SearchViewController.swift; sourceTree = "<group>"; };
		DEDBCE481DF6F7C000799524 /* PieceDetailViewController.swift */ = {isa = PBXFileReference; fileEncoding = 4; lastKnownFileType = sourcecode.swift; path = PieceDetailViewController.swift; sourceTree = "<group>"; };
		DEF54DB31E076D7500AACC78 /* Foundation.framework */ = {isa = PBXFileReference; lastKnownFileType = wrapper.framework; name = Foundation.framework; path = System/Library/Frameworks/Foundation.framework; sourceTree = SDKROOT; };
		DEF54DB51E076D7D00AACC78 /* UIKit.framework */ = {isa = PBXFileReference; lastKnownFileType = wrapper.framework; name = UIKit.framework; path = System/Library/Frameworks/UIKit.framework; sourceTree = SDKROOT; };
		DEF9F3AF1E0164D1006E5C1C /* AudioToolbox.framework */ = {isa = PBXFileReference; lastKnownFileType = wrapper.framework; name = AudioToolbox.framework; path = System/Library/Frameworks/AudioToolbox.framework; sourceTree = SDKROOT; };
		DEF9F3B11E0164D7006E5C1C /* SystemConfiguration.framework */ = {isa = PBXFileReference; lastKnownFileType = wrapper.framework; name = SystemConfiguration.framework; path = System/Library/Frameworks/SystemConfiguration.framework; sourceTree = SDKROOT; };
		DEF9F3B31E0164DE006E5C1C /* AVFoundation.framework */ = {isa = PBXFileReference; lastKnownFileType = wrapper.framework; name = AVFoundation.framework; path = System/Library/Frameworks/AVFoundation.framework; sourceTree = SDKROOT; };
		DEF9F3B51E0164E4006E5C1C /* MediaPlayer.framework */ = {isa = PBXFileReference; lastKnownFileType = wrapper.framework; name = MediaPlayer.framework; path = System/Library/Frameworks/MediaPlayer.framework; sourceTree = SDKROOT; };
/* End PBXFileReference section */

/* Begin PBXFrameworksBuildPhase section */
		DEBF0EB01DF6D79700E0984C /* Frameworks */ = {
			isa = PBXFrameworksBuildPhase;
			buildActionMask = 2147483647;
			files = (
				DE0EF3A01E1A49AA0024ECE9 /* libiconv.tbd in Frameworks */,
				DE0EF39E1E1A49560024ECE9 /* libstdc++.6.tbd in Frameworks */,
				DE0EF3B01E1A532C0024ECE9 /* DaumSpeech.framework in Frameworks */,
				DEF54DB61E076D7D00AACC78 /* UIKit.framework in Frameworks */,
				DEF54DB41E076D7500AACC78 /* Foundation.framework in Frameworks */,
				DEE7851C1E01726300B9AC2B /* SystemConfiguration.framework in Frameworks */,
				DEE7851A1E01726000B9AC2B /* MediaPlayer.framework in Frameworks */,
				DEE7851D1E01726500B9AC2B /* AudioToolbox.framework in Frameworks */,
				DEE7851B1E01726200B9AC2B /* AVFoundation.framework in Frameworks */,
			);
			runOnlyForDeploymentPostprocessing = 0;
		};
/* End PBXFrameworksBuildPhase section */

/* Begin PBXGroup section */
		DE0EF3A61E1A500B0024ECE9 /* Cell */ = {
			isa = PBXGroup;
			children = (
				DE0EF3A71E1A50400024ECE9 /* PieceTableViewCell.swift */,
			);
			path = Cell;
			sourceTree = "<group>";
		};
		DE0EF3A91E1A50920024ECE9 /* Model */ = {
			isa = PBXGroup;
			children = (
				DE0EF3AA1E1A50A90024ECE9 /* Piece.swift */,
			);
			path = Model;
			sourceTree = "<group>";
		};
		DEBF0EAA1DF6D79700E0984C = {
			isa = PBXGroup;
			children = (
				DEBF0EB51DF6D79800E0984C /* Docent */,
				DEF9F3AE1E0164D1006E5C1C /* Frameworks */,
				DEBF0EB41DF6D79800E0984C /* Products */,
			);
			sourceTree = "<group>";
		};
		DEBF0EB41DF6D79800E0984C /* Products */ = {
			isa = PBXGroup;
			children = (
				DEBF0EB31DF6D79800E0984C /* Docent.app */,
			);
			name = Products;
			sourceTree = "<group>";
		};
		DEBF0EB51DF6D79800E0984C /* Docent */ = {
			isa = PBXGroup;
			children = (
				DE0EF3A61E1A500B0024ECE9 /* Cell */,
				DEDBCE3F1DF6E0D400799524 /* Controller */,
				DE0EF3A91E1A50920024ECE9 /* Model */,
				DEBF0EB61DF6D79800E0984C /* AppDelegate.swift */,
				DEBF0EBD1DF6D79800E0984C /* Assets.xcassets */,
				DEAE621C1E1A215C002AF296 /* Docent-Bridging-Header.h */,
				DEBF0EC21DF6D79800E0984C /* Info.plist */,
				DEBF0EBF1DF6D79800E0984C /* LaunchScreen.storyboard */,
				DEBF0EBA1DF6D79800E0984C /* Main.storyboard */,
				DEBF0EB81DF6D79800E0984C /* ViewController.swift */,
			);
			path = Docent;
			sourceTree = "<group>";
		};
		DEDBCE3F1DF6E0D400799524 /* Controller */ = {
			isa = PBXGroup;
			children = (
				DEDBCE481DF6F7C000799524 /* PieceDetailViewController.swift */,
				DEDBCE411DF6E10600799524 /* SearchViewController.swift */,
			);
			path = Controller;
			sourceTree = "<group>";
		};
		DEF9F3AE1E0164D1006E5C1C /* Frameworks */ = {
			isa = PBXGroup;
			children = (
				DE0EF39F1E1A49AA0024ECE9 /* libiconv.tbd */,
				DE0EF39D1E1A49560024ECE9 /* libstdc++.6.tbd */,
				DE0EF3AF1E1A532C0024ECE9 /* DaumSpeech.framework */,
				DEF54DB51E076D7D00AACC78 /* UIKit.framework */,
				DEF54DB31E076D7500AACC78 /* Foundation.framework */,
				DEF9F3B51E0164E4006E5C1C /* MediaPlayer.framework */,
				DEF9F3B31E0164DE006E5C1C /* AVFoundation.framework */,
				DEF9F3B11E0164D7006E5C1C /* SystemConfiguration.framework */,
				DEF9F3AF1E0164D1006E5C1C /* AudioToolbox.framework */,
			);
			name = Frameworks;
			sourceTree = "<group>";
		};
/* End PBXGroup section */

/* Begin PBXNativeTarget section */
		DEBF0EB21DF6D79700E0984C /* Docent */ = {
			isa = PBXNativeTarget;
			buildConfigurationList = DEBF0EC51DF6D79800E0984C /* Build configuration list for PBXNativeTarget "Docent" */;
			buildPhases = (
				DEBF0EAF1DF6D79700E0984C /* Sources */,
				DEBF0EB01DF6D79700E0984C /* Frameworks */,
				DEBF0EB11DF6D79700E0984C /* Resources */,
				DE295BEF1E0291C800DB0E48 /* Embed Frameworks */,
			);
			buildRules = (
			);
			dependencies = (
			);
			name = Docent;
			productName = Docent;
			productReference = DEBF0EB31DF6D79800E0984C /* Docent.app */;
			productType = "com.apple.product-type.application";
		};
/* End PBXNativeTarget section */

/* Begin PBXProject section */
		DEBF0EAB1DF6D79700E0984C /* Project object */ = {
			isa = PBXProject;
			attributes = {
				LastSwiftUpdateCheck = 0810;
				LastUpgradeCheck = 0820;
				ORGANIZATIONNAME = "Aree Oh";
				TargetAttributes = {
					DEBF0EB21DF6D79700E0984C = {
						CreatedOnToolsVersion = 8.1;
						DevelopmentTeam = 248TFTQTUE;
						LastSwiftMigration = 0820;
						ProvisioningStyle = Automatic;
					};
				};
			};
			buildConfigurationList = DEBF0EAE1DF6D79700E0984C /* Build configuration list for PBXProject "Docent" */;
			compatibilityVersion = "Xcode 8.0";
			developmentRegion = English;
			hasScannedForEncodings = 0;
			knownRegions = (
				en,
				Base,
			);
			mainGroup = DEBF0EAA1DF6D79700E0984C;
			productRefGroup = DEBF0EB41DF6D79800E0984C /* Products */;
			projectDirPath = "";
			projectRoot = "";
			targets = (
				DEBF0EB21DF6D79700E0984C /* Docent */,
			);
		};
/* End PBXProject section */

/* Begin PBXResourcesBuildPhase section */
		DEBF0EB11DF6D79700E0984C /* Resources */ = {
			isa = PBXResourcesBuildPhase;
			buildActionMask = 2147483647;
			files = (
				DEBF0EC11DF6D79800E0984C /* LaunchScreen.storyboard in Resources */,
				DEBF0EBE1DF6D79800E0984C /* Assets.xcassets in Resources */,
				DEBF0EBC1DF6D79800E0984C /* Main.storyboard in Resources */,
			);
			runOnlyForDeploymentPostprocessing = 0;
		};
/* End PBXResourcesBuildPhase section */

/* Begin PBXSourcesBuildPhase section */
		DEBF0EAF1DF6D79700E0984C /* Sources */ = {
			isa = PBXSourcesBuildPhase;
			buildActionMask = 2147483647;
			files = (
				DEDBCE421DF6E10600799524 /* SearchViewController.swift in Sources */,
				DE0EF3A81E1A50400024ECE9 /* PieceTableViewCell.swift in Sources */,
				DEDBCE491DF6F7C000799524 /* PieceDetailViewController.swift in Sources */,
				DE0EF3AB1E1A50A90024ECE9 /* Piece.swift in Sources */,
				DEBF0EB91DF6D79800E0984C /* ViewController.swift in Sources */,
				DEBF0EB71DF6D79800E0984C /* AppDelegate.swift in Sources */,
			);
			runOnlyForDeploymentPostprocessing = 0;
		};
/* End PBXSourcesBuildPhase section */

/* Begin PBXVariantGroup section */
		DEBF0EBA1DF6D79800E0984C /* Main.storyboard */ = {
			isa = PBXVariantGroup;
			children = (
				DEBF0EBB1DF6D79800E0984C /* Base */,
			);
			name = Main.storyboard;
			path = .;
			sourceTree = "<group>";
		};
		DEBF0EBF1DF6D79800E0984C /* LaunchScreen.storyboard */ = {
			isa = PBXVariantGroup;
			children = (
				DEBF0EC01DF6D79800E0984C /* Base */,
			);
			name = LaunchScreen.storyboard;
			path = .;
			sourceTree = "<group>";
		};
/* End PBXVariantGroup section */

/* Begin XCBuildConfiguration section */
		DEBF0EC31DF6D79800E0984C /* Debug */ = {
			isa = XCBuildConfiguration;
			buildSettings = {
				ALWAYS_SEARCH_USER_PATHS = NO;
				CLANG_ANALYZER_NONNULL = YES;
				CLANG_CXX_LANGUAGE_STANDARD = "gnu++0x";
				CLANG_CXX_LIBRARY = "libc++";
				CLANG_ENABLE_MODULES = YES;
				CLANG_ENABLE_OBJC_ARC = YES;
				CLANG_WARN_BOOL_CONVERSION = YES;
				CLANG_WARN_CONSTANT_CONVERSION = YES;
				CLANG_WARN_DIRECT_OBJC_ISA_USAGE = YES_ERROR;
				CLANG_WARN_DOCUMENTATION_COMMENTS = YES;
				CLANG_WARN_EMPTY_BODY = YES;
				CLANG_WARN_ENUM_CONVERSION = YES;
				CLANG_WARN_INFINITE_RECURSION = YES;
				CLANG_WARN_INT_CONVERSION = YES;
				CLANG_WARN_OBJC_ROOT_CLASS = YES_ERROR;
				CLANG_WARN_SUSPICIOUS_MOVE = YES;
				CLANG_WARN_SUSPICIOUS_MOVES = YES;
				CLANG_WARN_UNREACHABLE_CODE = YES;
				CLANG_WARN__DUPLICATE_METHOD_MATCH = YES;
				"CODE_SIGN_IDENTITY[sdk=iphoneos*]" = "iPhone Developer";
				COPY_PHASE_STRIP = NO;
				DEBUG_INFORMATION_FORMAT = dwarf;
				ENABLE_STRICT_OBJC_MSGSEND = YES;
				ENABLE_TESTABILITY = YES;
				GCC_C_LANGUAGE_STANDARD = gnu99;
				GCC_DYNAMIC_NO_PIC = NO;
				GCC_NO_COMMON_BLOCKS = YES;
				GCC_OPTIMIZATION_LEVEL = 0;
				GCC_PREPROCESSOR_DEFINITIONS = (
					"DEBUG=1",
					"$(inherited)",
				);
				GCC_WARN_64_TO_32_BIT_CONVERSION = YES;
				GCC_WARN_ABOUT_RETURN_TYPE = YES_ERROR;
				GCC_WARN_UNDECLARED_SELECTOR = YES;
				GCC_WARN_UNINITIALIZED_AUTOS = YES_AGGRESSIVE;
				GCC_WARN_UNUSED_FUNCTION = YES;
				GCC_WARN_UNUSED_VARIABLE = YES;
				IPHONEOS_DEPLOYMENT_TARGET = 10.0;
				MTL_ENABLE_DEBUG_INFO = YES;
				ONLY_ACTIVE_ARCH = YES;
				SDKROOT = iphoneos;
				SWIFT_ACTIVE_COMPILATION_CONDITIONS = DEBUG;
				SWIFT_OBJC_BRIDGING_HEADER = "Docent/Docent-Bridging-Header.h";
				SWIFT_OPTIMIZATION_LEVEL = "-Onone";
			};
			name = Debug;
		};
		DEBF0EC41DF6D79800E0984C /* Release */ = {
			isa = XCBuildConfiguration;
			buildSettings = {
				ALWAYS_SEARCH_USER_PATHS = NO;
				CLANG_ANALYZER_NONNULL = YES;
				CLANG_CXX_LANGUAGE_STANDARD = "gnu++0x";
				CLANG_CXX_LIBRARY = "libc++";
				CLANG_ENABLE_MODULES = YES;
				CLANG_ENABLE_OBJC_ARC = YES;
				CLANG_WARN_BOOL_CONVERSION = YES;
				CLANG_WARN_CONSTANT_CONVERSION = YES;
				CLANG_WARN_DIRECT_OBJC_ISA_USAGE = YES_ERROR;
				CLANG_WARN_DOCUMENTATION_COMMENTS = YES;
				CLANG_WARN_EMPTY_BODY = YES;
				CLANG_WARN_ENUM_CONVERSION = YES;
				CLANG_WARN_INFINITE_RECURSION = YES;
				CLANG_WARN_INT_CONVERSION = YES;
				CLANG_WARN_OBJC_ROOT_CLASS = YES_ERROR;
				CLANG_WARN_SUSPICIOUS_MOVE = YES;
				CLANG_WARN_SUSPICIOUS_MOVES = YES;
				CLANG_WARN_UNREACHABLE_CODE = YES;
				CLANG_WARN__DUPLICATE_METHOD_MATCH = YES;
				"CODE_SIGN_IDENTITY[sdk=iphoneos*]" = "iPhone Developer";
				COPY_PHASE_STRIP = NO;
				DEBUG_INFORMATION_FORMAT = "dwarf-with-dsym";
				ENABLE_NS_ASSERTIONS = NO;
				ENABLE_STRICT_OBJC_MSGSEND = YES;
				GCC_C_LANGUAGE_STANDARD = gnu99;
				GCC_NO_COMMON_BLOCKS = YES;
				GCC_WARN_64_TO_32_BIT_CONVERSION = YES;
				GCC_WARN_ABOUT_RETURN_TYPE = YES_ERROR;
				GCC_WARN_UNDECLARED_SELECTOR = YES;
				GCC_WARN_UNINITIALIZED_AUTOS = YES_AGGRESSIVE;
				GCC_WARN_UNUSED_FUNCTION = YES;
				GCC_WARN_UNUSED_VARIABLE = YES;
				IPHONEOS_DEPLOYMENT_TARGET = 10.0;
				MTL_ENABLE_DEBUG_INFO = NO;
				SDKROOT = iphoneos;
				SWIFT_OBJC_BRIDGING_HEADER = "Docent/Docent-Bridging-Header.h";
				SWIFT_OPTIMIZATION_LEVEL = "-Owholemodule";
				VALIDATE_PRODUCT = YES;
			};
			name = Release;
		};
		DEBF0EC61DF6D79800E0984C /* Debug */ = {
			isa = XCBuildConfiguration;
			buildSettings = {
				ARCHS = "$(ARCHS_STANDARD)";
				ASSETCATALOG_COMPILER_APPICON_NAME = AppIcon;
				CLANG_ENABLE_MODULES = YES;
				DEVELOPMENT_TEAM = 248TFTQTUE;
				FRAMEWORK_SEARCH_PATHS = (
					"$(inherited)",
					"$(PROJECT_DIR)",
					"$(PROJECT_DIR)/Docent",
				);
				GCC_NO_COMMON_BLOCKS = NO;
				INFOPLIST_FILE = Docent/Info.plist;
				LD_RUNPATH_SEARCH_PATHS = "$(inherited) @executable_path/Frameworks";
				OTHER_LDFLAGS = (
					"-ObjC",
					"$(inherited)",
				);
				PRODUCT_BUNDLE_IDENTIFIER = areeoh.Docent;
				PRODUCT_NAME = "$(TARGET_NAME)";
				SWIFT_INSTALL_OBJC_HEADER = YES;
				SWIFT_OBJC_BRIDGING_HEADER = "Docent/Docent-Bridging-Header.h";
				SWIFT_OPTIMIZATION_LEVEL = "-Onone";
				SWIFT_VERSION = 3.0;
				VALID_ARCHS = "i386 armv7 armv7s arm64";
			};
			name = Debug;
		};
		DEBF0EC71DF6D79800E0984C /* Release */ = {
			isa = XCBuildConfiguration;
			buildSettings = {
				ARCHS = "$(ARCHS_STANDARD)";
				ASSETCATALOG_COMPILER_APPICON_NAME = AppIcon;
				CLANG_ENABLE_MODULES = YES;
				DEVELOPMENT_TEAM = 248TFTQTUE;
				FRAMEWORK_SEARCH_PATHS = (
					"$(inherited)",
					"$(PROJECT_DIR)",
					"$(PROJECT_DIR)/Docent",
				);
				GCC_NO_COMMON_BLOCKS = NO;
				INFOPLIST_FILE = Docent/Info.plist;
				LD_RUNPATH_SEARCH_PATHS = "$(inherited) @executable_path/Frameworks";
				OTHER_LDFLAGS = (
					"-ObjC",
					"$(inherited)",
				);
				PRODUCT_BUNDLE_IDENTIFIER = areeoh.Docent;
				PRODUCT_NAME = "$(TARGET_NAME)";
				SWIFT_INSTALL_OBJC_HEADER = YES;
				SWIFT_OBJC_BRIDGING_HEADER = "Docent/Docent-Bridging-Header.h";
				SWIFT_VERSION = 3.0;
				VALID_ARCHS = "i386 armv7 armv7s arm64";
			};
			name = Release;
		};
/* End XCBuildConfiguration section */

/* Begin XCConfigurationList section */
		DEBF0EAE1DF6D79700E0984C /* Build configuration list for PBXProject "Docent" */ = {
			isa = XCConfigurationList;
			buildConfigurations = (
				DEBF0EC31DF6D79800E0984C /* Debug */,
				DEBF0EC41DF6D79800E0984C /* Release */,
			);
			defaultConfigurationIsVisible = 0;
			defaultConfigurationName = Release;
		};
		DEBF0EC51DF6D79800E0984C /* Build configuration list for PBXNativeTarget "Docent" */ = {
			isa = XCConfigurationList;
			buildConfigurations = (
				DEBF0EC61DF6D79800E0984C /* Debug */,
				DEBF0EC71DF6D79800E0984C /* Release */,
			);
			defaultConfigurationIsVisible = 0;
			defaultConfigurationName = Release;
		};
/* End XCConfigurationList section */
	};
	rootObject = DEBF0EAB1DF6D79700E0984C /* Project object */;
}
